
Microsoft Visual Studio Solution File, Format Version 12.00
# Visual Studio Version 18
VisualStudioVersion = 18.2.11415.280
MinimumVisualStudioVersion = 10.0.40219.1
Project("{FAE04EC0-301F-11D3-BF4B-00C04F79EFBC}") = "EasyLibrary", "EasyLibrary\EasyLibrary.csproj", "{A8ACE130-1D5D-4678-891F-48028E6A2883}"
EndProject
Project("{FAE04EC0-301F-11D3-BF4B-00C04F79EFBC}") = "EasyConsole", "EasyConsole\EasyConsole.csproj", "{5766AF1D-AB02-4164-8551-54FBC50D72E9}"
EndProject
Project("{FAE04EC0-301F-11D3-BF4B-00C04F79EFBC}") = "EasyAvalonia", "EasyAvalonia\EasyAvalonia.csproj", "{A26582C5-E35A-4DBE-A3FB-EF47650AF3A1}"
EndProject
Project("{FAE04EC0-301F-11D3-BF4B-00C04F79EFBC}") = "CryptoSoft", "CryptoSoft\CryptoSoft.csproj", "{CF8C3B36-5572-4593-BEC9-3F6B3AAC7CF3}"
EndProject
Global
	GlobalSection(SolutionConfigurationPlatforms) = preSolution
		Debug|Any CPU = Debug|Any CPU
		Debug|x64 = Debug|x64
		Debug|x86 = Debug|x86
		Release|Any CPU = Release|Any CPU
		Release|x64 = Release|x64
		Release|x86 = Release|x86
	EndGlobalSection
	GlobalSection(ProjectConfigurationPlatforms) = postSolution
		{A8ACE130-1D5D-4678-891F-48028E6A2883}.Debug|Any CPU.ActiveCfg = Debug|Any CPU
		{A8ACE130-1D5D-4678-891F-48028E6A2883}.Debug|Any CPU.Build.0 = Debug|Any CPU
		{A8ACE130-1D5D-4678-891F-48028E6A2883}.Debug|x64.ActiveCfg = Debug|Any CPU
		{A8ACE130-1D5D-4678-891F-48028E6A2883}.Debug|x64.Build.0 = Debug|Any CPU
		{A8ACE130-1D5D-4678-891F-48028E6A2883}.Debug|x86.ActiveCfg = Debug|Any CPU
		{A8ACE130-1D5D-4678-891F-48028E6A2883}.Debug|x86.Build.0 = Debug|Any CPU
		{A8ACE130-1D5D-4678-891F-48028E6A2883}.Release|Any CPU.ActiveCfg = Release|Any CPU
		{A8ACE130-1D5D-4678-891F-48028E6A2883}.Release|Any CPU.Build.0 = Release|Any CPU
		{A8ACE130-1D5D-4678-891F-48028E6A2883}.Release|x64.ActiveCfg = Release|Any CPU
		{A8ACE130-1D5D-4678-891F-48028E6A2883}.Release|x64.Build.0 = Release|Any CPU
		{A8ACE130-1D5D-4678-891F-48028E6A2883}.Release|x86.ActiveCfg = Release|Any CPU
		{A8ACE130-1D5D-4678-891F-48028E6A2883}.Release|x86.Build.0 = Release|Any CPU
		{5766AF1D-AB02-4164-8551-54FBC50D72E9}.Debug|Any CPU.ActiveCfg = Debug|Any CPU
		{5766AF1D-AB02-4164-8551-54FBC50D72E9}.Debug|Any CPU.Build.0 = Debug|Any CPU
		{5766AF1D-AB02-4164-8551-54FBC50D72E9}.Debug|x64.ActiveCfg = Debug|Any CPU
		{5766AF1D-AB02-4164-8551-54FBC50D72E9}.Debug|x64.Build.0 = Debug|Any CPU
		{5766AF1D-AB02-4164-8551-54FBC50D72E9}.Debug|x86.ActiveCfg = Debug|Any CPU
		{5766AF1D-AB02-4164-8551-54FBC50D72E9}.Debug|x86.Build.0 = Debug|Any CPU
		{5766AF1D-AB02-4164-8551-54FBC50D72E9}.Release|Any CPU.ActiveCfg = Release|Any CPU
		{5766AF1D-AB02-4164-8551-54FBC50D72E9}.Release|Any CPU.Build.0 = Release|Any CPU
		{5766AF1D-AB02-4164-8551-54FBC50D72E9}.Release|x64.ActiveCfg = Release|Any CPU
		{5766AF1D-AB02-4164-8551-54FBC50D72E9}.Release|x64.Build.0 = Release|Any CPU
		{5766AF1D-AB02-4164-8551-54FBC50D72E9}.Release|x86.ActiveCfg = Release|Any CPU
		{5766AF1D-AB02-4164-8551-54FBC50D72E9}.Release|x86.Build.0 = Release|Any CPU
		{A26582C5-E35A-4DBE-A3FB-EF47650AF3A1}.Debug|Any CPU.ActiveCfg = Debug|Any CPU
		{A26582C5-E35A-4DBE-A3FB-EF47650AF3A1}.Debug|Any CPU.Build.0 = Debug|Any CPU
		{A26582C5-E35A-4DBE-A3FB-EF47650AF3A1}.Debug|x64.ActiveCfg = Debug|Any CPU
		{A26582C5-E35A-4DBE-A3FB-EF47650AF3A1}.Debug|x64.Build.0 = Debug|Any CPU
		{A26582C5-E35A-4DBE-A3FB-EF47650AF3A1}.Debug|x86.ActiveCfg = Debug|Any CPU
		{A26582C5-E35A-4DBE-A3FB-EF47650AF3A1}.Debug|x86.Build.0 = Debug|Any CPU
		{A26582C5-E35A-4DBE-A3FB-EF47650AF3A1}.Release|Any CPU.ActiveCfg = Release|Any CPU
		{A26582C5-E35A-4DBE-A3FB-EF47650AF3A1}.Release|Any CPU.Build.0 = Release|Any CPU
		{A26582C5-E35A-4DBE-A3FB-EF47650AF3A1}.Release|x64.ActiveCfg = Release|Any CPU
		{A26582C5-E35A-4DBE-A3FB-EF47650AF3A1}.Release|x64.Build.0 = Release|Any CPU
		{A26582C5-E35A-4DBE-A3FB-EF47650AF3A1}.Release|x86.ActiveCfg = Release|Any CPU
		{A26582C5-E35A-4DBE-A3FB-EF47650AF3A1}.Release|x86.Build.0 = Release|Any CPU
		{CF8C3B36-5572-4593-BEC9-3F6B3AAC7CF3}.Debug|Any CPU.ActiveCfg = Debug|Any CPU
		{CF8C3B36-5572-4593-BEC9-3F6B3AAC7CF3}.Debug|Any CPU.Build.0 = Debug|Any CPU
		{CF8C3B36-5572-4593-BEC9-3F6B3AAC7CF3}.Debug|x64.ActiveCfg = Debug|Any CPU
		{CF8C3B36-5572-4593-BEC9-3F6B3AAC7CF3}.Debug|x64.Build.0 = Debug|Any CPU
		{CF8C3B36-5572-4593-BEC9-3F6B3AAC7CF3}.Debug|x86.ActiveCfg = Debug|Any CPU
		{CF8C3B36-5572-4593-BEC9-3F6B3AAC7CF3}.Debug|x86.Build.0 = Debug|Any CPU
		{CF8C3B36-5572-4593-BEC9-3F6B3AAC7CF3}.Release|Any CPU.ActiveCfg = Release|Any CPU
		{CF8C3B36-5572-4593-BEC9-3F6B3AAC7CF3}.Release|Any CPU.Build.0 = Release|Any CPU
		{CF8C3B36-5572-4593-BEC9-3F6B3AAC7CF3}.Release|x64.ActiveCfg = Release|Any CPU
		{CF8C3B36-5572-4593-BEC9-3F6B3AAC7CF3}.Release|x64.Build.0 = Release|Any CPU
		{CF8C3B36-5572-4593-BEC9-3F6B3AAC7CF3}.Release|x86.ActiveCfg = Release|Any CPU
		{CF8C3B36-5572-4593-BEC9-3F6B3AAC7CF3}.Release|x86.Build.0 = Release|Any CPU
	EndGlobalSection
	GlobalSection(SolutionProperties) = preSolution
		HideSolutionNode = FALSE
	EndGlobalSection
	GlobalSection(ExtensibilityGlobals) = postSolution
		SolutionGuid = {FCF4CD74-3A50-4881-AD5D-4C8F214157EF}
	EndGlobalSection
EndGlobal
