
Microsoft Visual Studio Solution File, Format Version 12.00
# Visual Studio Version 16
VisualStudioVersion = 25.0.1706.14
MinimumVisualStudioVersion = 10.0.40219.1
Project("{FAE04EC0-301F-11D3-BF4B-00C04F79EFBC}") = "EasySave", "EasySave.csproj", "{651D4EA4-0F68-4C06-88D0-994C3A85BF2B}"
EndProject
Project("{FAE04EC0-301F-11D3-BF4B-00C04F79EFBC}") = "EasyLog", "..\EasyLog\EasyLog.csproj", "{5A014469-C277-4C14-879A-1B0DB52EC6FF}"
EndProject
Global
	GlobalSection(SolutionConfigurationPlatforms) = preSolution
		Debug|Any CPU = Debug|Any CPU
		Release|Any CPU = Release|Any CPU
	EndGlobalSection
	GlobalSection(ProjectConfigurationPlatforms) = postSolution
		{651D4EA4-0F68-4C06-88D0-994C3A85BF2B}.Debug|Any CPU.ActiveCfg = Debug|Any CPU
		{651D4EA4-0F68-4C06-88D0-994C3A85BF2B}.Debug|Any CPU.Build.0 = Debug|Any CPU
		{651D4EA4-0F68-4C06-88D0-994C3A85BF2B}.Release|Any CPU.ActiveCfg = Release|Any CPU
		{651D4EA4-0F68-4C06-88D0-994C3A85BF2B}.Release|Any CPU.Build.0 = Release|Any CPU
		{5A014469-C277-4C14-879A-1B0DB52EC6FF}.Debug|Any CPU.ActiveCfg = Debug|Any CPU
		{5A014469-C277-4C14-879A-1B0DB52EC6FF}.Debug|Any CPU.Build.0 = Debug|Any CPU
		{5A014469-C277-4C14-879A-1B0DB52EC6FF}.Release|Any CPU.ActiveCfg = Release|Any CPU
		{5A014469-C277-4C14-879A-1B0DB52EC6FF}.Release|Any CPU.Build.0 = Release|Any CPU
	EndGlobalSection
	GlobalSection(SolutionProperties) = preSolution
		HideSolutionNode = FALSE
	EndGlobalSection
	GlobalSection(ExtensibilityGlobals) = postSolution
		SolutionGuid = {FCF4CD74-3A50-4881-AD5D-4C8F214157EF}
	EndGlobalSection
EndGlobal
